// !$*UTF8*$!
{
	archiveVersion = 1;
	classes = {
	};
	objectVersion = 56;
	objects = {

/* Begin PBXBuildFile section */
		AF2C7AC22C23AFD500BBE3B3 /* Overlay.swift in Sources */ = {isa = PBXBuildFile; fileRef = AF2C7AC12C23AFD500BBE3B3 /* Overlay.swift */; };
		AF2C7AC42C23B5FB00BBE3B3 /* Stacks.swift in Sources */ = {isa = PBXBuildFile; fileRef = AF2C7AC32C23B5FB00BBE3B3 /* Stacks.swift */; };
		AF2C7AC62C23C59F00BBE3B3 /* Padding.swift in Sources */ = {isa = PBXBuildFile; fileRef = AF2C7AC52C23C59F00BBE3B3 /* Padding.swift */; };
		AF2C7AC82C23D60F00BBE3B3 /* Spacers.swift in Sources */ = {isa = PBXBuildFile; fileRef = AF2C7AC72C23D60F00BBE3B3 /* Spacers.swift */; };
		AF2C7ACA2C23EC2100BBE3B3 /* Discussion1.swift in Sources */ = {isa = PBXBuildFile; fileRef = AF2C7AC92C23EC2100BBE3B3 /* Discussion1.swift */; };
		AF2C7ACC2C23F6AF00BBE3B3 /* InitAndEnum.swift in Sources */ = {isa = PBXBuildFile; fileRef = AF2C7ACB2C23F6AF00BBE3B3 /* InitAndEnum.swift */; };
		AF651AAD2C24F3670091D6DD /* LoopForEach.swift in Sources */ = {isa = PBXBuildFile; fileRef = AF651AAC2C24F3670091D6DD /* LoopForEach.swift */; };
		AF651AAF2C25019C0091D6DD /* ScrollViewLayout.swift in Sources */ = {isa = PBXBuildFile; fileRef = AF651AAE2C25019C0091D6DD /* ScrollViewLayout.swift */; };
		AF651AB12C2508480091D6DD /* IgnoreSafeAreaLayout.swift in Sources */ = {isa = PBXBuildFile; fileRef = AF651AB02C2508480091D6DD /* IgnoreSafeAreaLayout.swift */; };
		AF651AB32C2515BC0091D6DD /* LazyStacks.swift in Sources */ = {isa = PBXBuildFile; fileRef = AF651AB22C2515BC0091D6DD /* LazyStacks.swift */; };
		AF651AB52C251AFD0091D6DD /* Discussion2.swift in Sources */ = {isa = PBXBuildFile; fileRef = AF651AB42C251AFD0091D6DD /* Discussion2.swift */; };
		AF651AB72C251ED90091D6DD /* GridLayout.swift in Sources */ = {isa = PBXBuildFile; fileRef = AF651AB62C251ED90091D6DD /* GridLayout.swift */; };
		AF651AB92C2526A50091D6DD /* Buttons.swift in Sources */ = {isa = PBXBuildFile; fileRef = AF651AB82C2526A50091D6DD /* Buttons.swift */; };
		AF651ABB2C253B6A0091D6DD /* StateProperty.swift in Sources */ = {isa = PBXBuildFile; fileRef = AF651ABA2C253B6A0091D6DD /* StateProperty.swift */; };
		AF651ABD2C25455C0091D6DD /* ExtractSubView.swift in Sources */ = {isa = PBXBuildFile; fileRef = AF651ABC2C25455C0091D6DD /* ExtractSubView.swift */; };
		AF651ABF2C25587D0091D6DD /* Conditional.swift in Sources */ = {isa = PBXBuildFile; fileRef = AF651ABE2C25587D0091D6DD /* Conditional.swift */; };
		AF651AC12C255B5F0091D6DD /* Conditional2.swift in Sources */ = {isa = PBXBuildFile; fileRef = AF651AC02C255B5F0091D6DD /* Conditional2.swift */; };
		AFCF7A542C23006100AB623D /* Frame.swift in Sources */ = {isa = PBXBuildFile; fileRef = AFCF7A532C23006100AB623D /* Frame.swift */; };
		AFD453492C1AE30300F9A05A /* SwiftEssentialApp.swift in Sources */ = {isa = PBXBuildFile; fileRef = AFD453482C1AE30300F9A05A /* SwiftEssentialApp.swift */; };
		AFD4534B2C1AE30300F9A05A /* ContentView.swift in Sources */ = {isa = PBXBuildFile; fileRef = AFD4534A2C1AE30300F9A05A /* ContentView.swift */; };
		AFD4534D2C1AE30400F9A05A /* Assets.xcassets in Resources */ = {isa = PBXBuildFile; fileRef = AFD4534C2C1AE30400F9A05A /* Assets.xcassets */; };
		AFD453502C1AE30400F9A05A /* Preview Assets.xcassets in Resources */ = {isa = PBXBuildFile; fileRef = AFD4534F2C1AE30400F9A05A /* Preview Assets.xcassets */; };
		AFD453572C1AE33400F9A05A /* AddingText.swift in Sources */ = {isa = PBXBuildFile; fileRef = AFD453562C1AE33400F9A05A /* AddingText.swift */; };
		AFD453592C1AEBE100F9A05A /* Colors.swift in Sources */ = {isa = PBXBuildFile; fileRef = AFD453582C1AEBE100F9A05A /* Colors.swift */; };
		AFD4535B2C1AEC0900F9A05A /* Shapes.swift in Sources */ = {isa = PBXBuildFile; fileRef = AFD4535A2C1AEC0900F9A05A /* Shapes.swift */; };
		AFD4535D2C1AF31100F9A05A /* Gradient.swift in Sources */ = {isa = PBXBuildFile; fileRef = AFD4535C2C1AF31100F9A05A /* Gradient.swift */; };
		AFD4535F2C1B03C900F9A05A /* Images.swift in Sources */ = {isa = PBXBuildFile; fileRef = AFD4535E2C1B03C900F9A05A /* Images.swift */; };
		AFD453612C1B093E00F9A05A /* Symbols.swift in Sources */ = {isa = PBXBuildFile; fileRef = AFD453602C1B093E00F9A05A /* Symbols.swift */; };
/* End PBXBuildFile section */

/* Begin PBXFileReference section */
		AF2C7AC12C23AFD500BBE3B3 /* Overlay.swift */ = {isa = PBXFileReference; lastKnownFileType = sourcecode.swift; path = Overlay.swift; sourceTree = "<group>"; };
		AF2C7AC32C23B5FB00BBE3B3 /* Stacks.swift */ = {isa = PBXFileReference; lastKnownFileType = sourcecode.swift; path = Stacks.swift; sourceTree = "<group>"; };
		AF2C7AC52C23C59F00BBE3B3 /* Padding.swift */ = {isa = PBXFileReference; lastKnownFileType = sourcecode.swift; path = Padding.swift; sourceTree = "<group>"; };
		AF2C7AC72C23D60F00BBE3B3 /* Spacers.swift */ = {isa = PBXFileReference; lastKnownFileType = sourcecode.swift; path = Spacers.swift; sourceTree = "<group>"; };
		AF2C7AC92C23EC2100BBE3B3 /* Discussion1.swift */ = {isa = PBXFileReference; lastKnownFileType = sourcecode.swift; path = Discussion1.swift; sourceTree = "<group>"; };
		AF2C7ACB2C23F6AF00BBE3B3 /* InitAndEnum.swift */ = {isa = PBXFileReference; lastKnownFileType = sourcecode.swift; path = InitAndEnum.swift; sourceTree = "<group>"; };
		AF651AAC2C24F3670091D6DD /* LoopForEach.swift */ = {isa = PBXFileReference; lastKnownFileType = sourcecode.swift; path = LoopForEach.swift; sourceTree = "<group>"; };
		AF651AAE2C25019C0091D6DD /* ScrollViewLayout.swift */ = {isa = PBXFileReference; lastKnownFileType = sourcecode.swift; path = ScrollViewLayout.swift; sourceTree = "<group>"; };
		AF651AB02C2508480091D6DD /* IgnoreSafeAreaLayout.swift */ = {isa = PBXFileReference; lastKnownFileType = sourcecode.swift; path = IgnoreSafeAreaLayout.swift; sourceTree = "<group>"; };
		AF651AB22C2515BC0091D6DD /* LazyStacks.swift */ = {isa = PBXFileReference; lastKnownFileType = sourcecode.swift; path = LazyStacks.swift; sourceTree = "<group>"; };
		AF651AB42C251AFD0091D6DD /* Discussion2.swift */ = {isa = PBXFileReference; lastKnownFileType = sourcecode.swift; path = Discussion2.swift; sourceTree = "<group>"; };
		AF651AB62C251ED90091D6DD /* GridLayout.swift */ = {isa = PBXFileReference; lastKnownFileType = sourcecode.swift; path = GridLayout.swift; sourceTree = "<group>"; };
		AF651AB82C2526A50091D6DD /* Buttons.swift */ = {isa = PBXFileReference; lastKnownFileType = sourcecode.swift; path = Buttons.swift; sourceTree = "<group>"; };
		AF651ABA2C253B6A0091D6DD /* StateProperty.swift */ = {isa = PBXFileReference; lastKnownFileType = sourcecode.swift; path = StateProperty.swift; sourceTree = "<group>"; };
		AF651ABC2C25455C0091D6DD /* ExtractSubView.swift */ = {isa = PBXFileReference; lastKnownFileType = sourcecode.swift; path = ExtractSubView.swift; sourceTree = "<group>"; };
		AF651ABE2C25587D0091D6DD /* Conditional.swift */ = {isa = PBXFileReference; lastKnownFileType = sourcecode.swift; path = Conditional.swift; sourceTree = "<group>"; };
		AF651AC02C255B5F0091D6DD /* Conditional2.swift */ = {isa = PBXFileReference; lastKnownFileType = sourcecode.swift; path = Conditional2.swift; sourceTree = "<group>"; };
		AFCF7A532C23006100AB623D /* Frame.swift */ = {isa = PBXFileReference; lastKnownFileType = sourcecode.swift; path = Frame.swift; sourceTree = "<group>"; };
		AFD453452C1AE30300F9A05A /* SwiftEssential.app */ = {isa = PBXFileReference; explicitFileType = wrapper.application; includeInIndex = 0; path = SwiftEssential.app; sourceTree = BUILT_PRODUCTS_DIR; };
		AFD453482C1AE30300F9A05A /* SwiftEssentialApp.swift */ = {isa = PBXFileReference; lastKnownFileType = sourcecode.swift; path = SwiftEssentialApp.swift; sourceTree = "<group>"; };
		AFD4534A2C1AE30300F9A05A /* ContentView.swift */ = {isa = PBXFileReference; lastKnownFileType = sourcecode.swift; path = ContentView.swift; sourceTree = "<group>"; };
		AFD4534C2C1AE30400F9A05A /* Assets.xcassets */ = {isa = PBXFileReference; lastKnownFileType = folder.assetcatalog; path = Assets.xcassets; sourceTree = "<group>"; };
		AFD4534F2C1AE30400F9A05A /* Preview Assets.xcassets */ = {isa = PBXFileReference; lastKnownFileType = folder.assetcatalog; path = "Preview Assets.xcassets"; sourceTree = "<group>"; };
		AFD453562C1AE33400F9A05A /* AddingText.swift */ = {isa = PBXFileReference; lastKnownFileType = sourcecode.swift; path = AddingText.swift; sourceTree = "<group>"; };
		AFD453582C1AEBE100F9A05A /* Colors.swift */ = {isa = PBXFileReference; lastKnownFileType = sourcecode.swift; path = Colors.swift; sourceTree = "<group>"; };
		AFD4535A2C1AEC0900F9A05A /* Shapes.swift */ = {isa = PBXFileReference; lastKnownFileType = sourcecode.swift; path = Shapes.swift; sourceTree = "<group>"; };
		AFD4535C2C1AF31100F9A05A /* Gradient.swift */ = {isa = PBXFileReference; lastKnownFileType = sourcecode.swift; path = Gradient.swift; sourceTree = "<group>"; };
		AFD4535E2C1B03C900F9A05A /* Images.swift */ = {isa = PBXFileReference; lastKnownFileType = sourcecode.swift; path = Images.swift; sourceTree = "<group>"; };
		AFD453602C1B093E00F9A05A /* Symbols.swift */ = {isa = PBXFileReference; lastKnownFileType = sourcecode.swift; path = Symbols.swift; sourceTree = "<group>"; };
/* End PBXFileReference section */

/* Begin PBXFrameworksBuildPhase section */
		AFD453422C1AE30300F9A05A /* Frameworks */ = {
			isa = PBXFrameworksBuildPhase;
			buildActionMask = 2147483647;
			files = (
			);
			runOnlyForDeploymentPostprocessing = 0;
		};
/* End PBXFrameworksBuildPhase section */

/* Begin PBXGroup section */
		AFD4533C2C1AE30300F9A05A = {
			isa = PBXGroup;
			children = (
				AFD453472C1AE30300F9A05A /* SwiftEssential */,
				AFD453462C1AE30300F9A05A /* Products */,
			);
			sourceTree = "<group>";
		};
		AFD453462C1AE30300F9A05A /* Products */ = {
			isa = PBXGroup;
			children = (
				AFD453452C1AE30300F9A05A /* SwiftEssential.app */,
			);
			name = Products;
			sourceTree = "<group>";
		};
		AFD453472C1AE30300F9A05A /* SwiftEssential */ = {
			isa = PBXGroup;
			children = (
				AFD453482C1AE30300F9A05A /* SwiftEssentialApp.swift */,
				AFD4534A2C1AE30300F9A05A /* ContentView.swift */,
				AFD453562C1AE33400F9A05A /* AddingText.swift */,
				AFD4535A2C1AEC0900F9A05A /* Shapes.swift */,
				AFD453582C1AEBE100F9A05A /* Colors.swift */,
				AFD4535C2C1AF31100F9A05A /* Gradient.swift */,
				AFD4535E2C1B03C900F9A05A /* Images.swift */,
				AFD453602C1B093E00F9A05A /* Symbols.swift */,
				AFCF7A532C23006100AB623D /* Frame.swift */,
				AF2C7AC12C23AFD500BBE3B3 /* Overlay.swift */,
				AF2C7AC32C23B5FB00BBE3B3 /* Stacks.swift */,
				AF2C7AC52C23C59F00BBE3B3 /* Padding.swift */,
				AF2C7AC72C23D60F00BBE3B3 /* Spacers.swift */,
				AF2C7AC92C23EC2100BBE3B3 /* Discussion1.swift */,
				AF2C7ACB2C23F6AF00BBE3B3 /* InitAndEnum.swift */,
				AF651AAC2C24F3670091D6DD /* LoopForEach.swift */,
				AF651AAE2C25019C0091D6DD /* ScrollViewLayout.swift */,
				AF651AB02C2508480091D6DD /* IgnoreSafeAreaLayout.swift */,
				AF651AB22C2515BC0091D6DD /* LazyStacks.swift */,
				AF651AB42C251AFD0091D6DD /* Discussion2.swift */,
				AF651AB62C251ED90091D6DD /* GridLayout.swift */,
				AF651AB82C2526A50091D6DD /* Buttons.swift */,
				AF651ABA2C253B6A0091D6DD /* StateProperty.swift */,
				AF651ABC2C25455C0091D6DD /* ExtractSubView.swift */,
				AF651ABE2C25587D0091D6DD /* Conditional.swift */,
				AF651AC02C255B5F0091D6DD /* Conditional2.swift */,
				AFD4534C2C1AE30400F9A05A /* Assets.xcassets */,
				AFD4534E2C1AE30400F9A05A /* Preview Content */,
			);
			path = SwiftEssential;
			sourceTree = "<group>";
		};
		AFD4534E2C1AE30400F9A05A /* Preview Content */ = {
			isa = PBXGroup;
			children = (
				AFD4534F2C1AE30400F9A05A /* Preview Assets.xcassets */,
			);
			path = "Preview Content";
			sourceTree = "<group>";
		};
/* End PBXGroup section */

/* Begin PBXNativeTarget section */
		AFD453442C1AE30300F9A05A /* SwiftEssential */ = {
			isa = PBXNativeTarget;
			buildConfigurationList = AFD453532C1AE30400F9A05A /* Build configuration list for PBXNativeTarget "SwiftEssential" */;
			buildPhases = (
				AFD453412C1AE30300F9A05A /* Sources */,
				AFD453422C1AE30300F9A05A /* Frameworks */,
				AFD453432C1AE30300F9A05A /* Resources */,
			);
			buildRules = (
			);
			dependencies = (
			);
			name = SwiftEssential;
			productName = SwiftEssential;
			productReference = AFD453452C1AE30300F9A05A /* SwiftEssential.app */;
			productType = "com.apple.product-type.application";
		};
/* End PBXNativeTarget section */

/* Begin PBXProject section */
		AFD4533D2C1AE30300F9A05A /* Project object */ = {
			isa = PBXProject;
			attributes = {
				BuildIndependentTargetsInParallel = 1;
				LastSwiftUpdateCheck = 1520;
				LastUpgradeCheck = 1520;
				TargetAttributes = {
					AFD453442C1AE30300F9A05A = {
						CreatedOnToolsVersion = 15.2;
					};
				};
			};
			buildConfigurationList = AFD453402C1AE30300F9A05A /* Build configuration list for PBXProject "SwiftEssential" */;
			compatibilityVersion = "Xcode 14.0";
			developmentRegion = en;
			hasScannedForEncodings = 0;
			knownRegions = (
				en,
				Base,
			);
			mainGroup = AFD4533C2C1AE30300F9A05A;
			productRefGroup = AFD453462C1AE30300F9A05A /* Products */;
			projectDirPath = "";
			projectRoot = "";
			targets = (
				AFD453442C1AE30300F9A05A /* SwiftEssential */,
			);
		};
/* End PBXProject section */

/* Begin PBXResourcesBuildPhase section */
		AFD453432C1AE30300F9A05A /* Resources */ = {
			isa = PBXResourcesBuildPhase;
			buildActionMask = 2147483647;
			files = (
				AFD453502C1AE30400F9A05A /* Preview Assets.xcassets in Resources */,
				AFD4534D2C1AE30400F9A05A /* Assets.xcassets in Resources */,
			);
			runOnlyForDeploymentPostprocessing = 0;
		};
/* End PBXResourcesBuildPhase section */

/* Begin PBXSourcesBuildPhase section */
		AFD453412C1AE30300F9A05A /* Sources */ = {
			isa = PBXSourcesBuildPhase;
			buildActionMask = 2147483647;
			files = (
				AFCF7A542C23006100AB623D /* Frame.swift in Sources */,
				AF651AB12C2508480091D6DD /* IgnoreSafeAreaLayout.swift in Sources */,
				AF651AB52C251AFD0091D6DD /* Discussion2.swift in Sources */,
				AF651AB92C2526A50091D6DD /* Buttons.swift in Sources */,
				AF651AB32C2515BC0091D6DD /* LazyStacks.swift in Sources */,
				AF651AC12C255B5F0091D6DD /* Conditional2.swift in Sources */,
				AFD4535F2C1B03C900F9A05A /* Images.swift in Sources */,
				AF2C7ACC2C23F6AF00BBE3B3 /* InitAndEnum.swift in Sources */,
				AF2C7AC42C23B5FB00BBE3B3 /* Stacks.swift in Sources */,
				AF2C7ACA2C23EC2100BBE3B3 /* Discussion1.swift in Sources */,
				AF651ABB2C253B6A0091D6DD /* StateProperty.swift in Sources */,
				AF2C7AC22C23AFD500BBE3B3 /* Overlay.swift in Sources */,
				AFD453612C1B093E00F9A05A /* Symbols.swift in Sources */,
				AFD453572C1AE33400F9A05A /* AddingText.swift in Sources */,
				AFD453592C1AEBE100F9A05A /* Colors.swift in Sources */,
				AF651AB72C251ED90091D6DD /* GridLayout.swift in Sources */,
				AF651ABD2C25455C0091D6DD /* ExtractSubView.swift in Sources */,
				AFD4535B2C1AEC0900F9A05A /* Shapes.swift in Sources */,
				AF651ABF2C25587D0091D6DD /* Conditional.swift in Sources */,
				AFD4534B2C1AE30300F9A05A /* ContentView.swift in Sources */,
				AFD453492C1AE30300F9A05A /* SwiftEssentialApp.swift in Sources */,
				AFD4535D2C1AF31100F9A05A /* Gradient.swift in Sources */,
				AF2C7AC62C23C59F00BBE3B3 /* Padding.swift in Sources */,
				AF651AAD2C24F3670091D6DD /* LoopForEach.swift in Sources */,
				AF2C7AC82C23D60F00BBE3B3 /* Spacers.swift in Sources */,
				AF651AAF2C25019C0091D6DD /* ScrollViewLayout.swift in Sources */,
			);
			runOnlyForDeploymentPostprocessing = 0;
		};
/* End PBXSourcesBuildPhase section */

/* Begin XCBuildConfiguration section */
		AFD453512C1AE30400F9A05A /* Debug */ = {
			isa = XCBuildConfiguration;
			buildSettings = {
				ALWAYS_SEARCH_USER_PATHS = NO;
				ASSETCATALOG_COMPILER_GENERATE_SWIFT_ASSET_SYMBOL_EXTENSIONS = YES;
				CLANG_ANALYZER_NONNULL = YES;
				CLANG_ANALYZER_NUMBER_OBJECT_CONVERSION = YES_AGGRESSIVE;
				CLANG_CXX_LANGUAGE_STANDARD = "gnu++20";
				CLANG_ENABLE_MODULES = YES;
				CLANG_ENABLE_OBJC_ARC = YES;
				CLANG_ENABLE_OBJC_WEAK = YES;
				CLANG_WARN_BLOCK_CAPTURE_AUTORELEASING = YES;
				CLANG_WARN_BOOL_CONVERSION = YES;
				CLANG_WARN_COMMA = YES;
				CLANG_WARN_CONSTANT_CONVERSION = YES;
				CLANG_WARN_DEPRECATED_OBJC_IMPLEMENTATIONS = YES;
				CLANG_WARN_DIRECT_OBJC_ISA_USAGE = YES_ERROR;
				CLANG_WARN_DOCUMENTATION_COMMENTS = YES;
				CLANG_WARN_EMPTY_BODY = YES;
				CLANG_WARN_ENUM_CONVERSION = YES;
				CLANG_WARN_INFINITE_RECURSION = YES;
				CLANG_WARN_INT_CONVERSION = YES;
				CLANG_WARN_NON_LITERAL_NULL_CONVERSION = YES;
				CLANG_WARN_OBJC_IMPLICIT_RETAIN_SELF = YES;
				CLANG_WARN_OBJC_LITERAL_CONVERSION = YES;
				CLANG_WARN_OBJC_ROOT_CLASS = YES_ERROR;
				CLANG_WARN_QUOTED_INCLUDE_IN_FRAMEWORK_HEADER = YES;
				CLANG_WARN_RANGE_LOOP_ANALYSIS = YES;
				CLANG_WARN_STRICT_PROTOTYPES = YES;
				CLANG_WARN_SUSPICIOUS_MOVE = YES;
				CLANG_WARN_UNGUARDED_AVAILABILITY = YES_AGGRESSIVE;
				CLANG_WARN_UNREACHABLE_CODE = YES;
				CLANG_WARN__DUPLICATE_METHOD_MATCH = YES;
				COPY_PHASE_STRIP = NO;
				DEBUG_INFORMATION_FORMAT = dwarf;
				ENABLE_STRICT_OBJC_MSGSEND = YES;
				ENABLE_TESTABILITY = YES;
				ENABLE_USER_SCRIPT_SANDBOXING = YES;
				GCC_C_LANGUAGE_STANDARD = gnu17;
				GCC_DYNAMIC_NO_PIC = NO;
				GCC_NO_COMMON_BLOCKS = YES;
				GCC_OPTIMIZATION_LEVEL = 0;
				GCC_PREPROCESSOR_DEFINITIONS = (
					"DEBUG=1",
					"$(inherited)",
				);
				GCC_WARN_64_TO_32_BIT_CONVERSION = YES;
				GCC_WARN_ABOUT_RETURN_TYPE = YES_ERROR;
				GCC_WARN_UNDECLARED_SELECTOR = YES;
				GCC_WARN_UNINITIALIZED_AUTOS = YES_AGGRESSIVE;
				GCC_WARN_UNUSED_FUNCTION = YES;
				GCC_WARN_UNUSED_VARIABLE = YES;
				IPHONEOS_DEPLOYMENT_TARGET = 17.2;
				LOCALIZATION_PREFERS_STRING_CATALOGS = YES;
				MTL_ENABLE_DEBUG_INFO = INCLUDE_SOURCE;
				MTL_FAST_MATH = YES;
				ONLY_ACTIVE_ARCH = YES;
				SDKROOT = iphoneos;
				SWIFT_ACTIVE_COMPILATION_CONDITIONS = "DEBUG $(inherited)";
				SWIFT_OPTIMIZATION_LEVEL = "-Onone";
			};
			name = Debug;
		};
		AFD453522C1AE30400F9A05A /* Release */ = {
			isa = XCBuildConfiguration;
			buildSettings = {
				ALWAYS_SEARCH_USER_PATHS = NO;
				ASSETCATALOG_COMPILER_GENERATE_SWIFT_ASSET_SYMBOL_EXTENSIONS = YES;
				CLANG_ANALYZER_NONNULL = YES;
				CLANG_ANALYZER_NUMBER_OBJECT_CONVERSION = YES_AGGRESSIVE;
				CLANG_CXX_LANGUAGE_STANDARD = "gnu++20";
				CLANG_ENABLE_MODULES = YES;
				CLANG_ENABLE_OBJC_ARC = YES;
				CLANG_ENABLE_OBJC_WEAK = YES;
				CLANG_WARN_BLOCK_CAPTURE_AUTORELEASING = YES;
				CLANG_WARN_BOOL_CONVERSION = YES;
				CLANG_WARN_COMMA = YES;
				CLANG_WARN_CONSTANT_CONVERSION = YES;
				CLANG_WARN_DEPRECATED_OBJC_IMPLEMENTATIONS = YES;
				CLANG_WARN_DIRECT_OBJC_ISA_USAGE = YES_ERROR;
				CLANG_WARN_DOCUMENTATION_COMMENTS = YES;
				CLANG_WARN_EMPTY_BODY = YES;
				CLANG_WARN_ENUM_CONVERSION = YES;
				CLANG_WARN_INFINITE_RECURSION = YES;
				CLANG_WARN_INT_CONVERSION = YES;
				CLANG_WARN_NON_LITERAL_NULL_CONVERSION = YES;
				CLANG_WARN_OBJC_IMPLICIT_RETAIN_SELF = YES;
				CLANG_WARN_OBJC_LITERAL_CONVERSION = YES;
				CLANG_WARN_OBJC_ROOT_CLASS = YES_ERROR;
				CLANG_WARN_QUOTED_INCLUDE_IN_FRAMEWORK_HEADER = YES;
				CLANG_WARN_RANGE_LOOP_ANALYSIS = YES;
				CLANG_WARN_STRICT_PROTOTYPES = YES;
				CLANG_WARN_SUSPICIOUS_MOVE = YES;
				CLANG_WARN_UNGUARDED_AVAILABILITY = YES_AGGRESSIVE;
				CLANG_WARN_UNREACHABLE_CODE = YES;
				CLANG_WARN__DUPLICATE_METHOD_MATCH = YES;
				COPY_PHASE_STRIP = NO;
				DEBUG_INFORMATION_FORMAT = "dwarf-with-dsym";
				ENABLE_NS_ASSERTIONS = NO;
				ENABLE_STRICT_OBJC_MSGSEND = YES;
				ENABLE_USER_SCRIPT_SANDBOXING = YES;
				GCC_C_LANGUAGE_STANDARD = gnu17;
				GCC_NO_COMMON_BLOCKS = YES;
				GCC_WARN_64_TO_32_BIT_CONVERSION = YES;
				GCC_WARN_ABOUT_RETURN_TYPE = YES_ERROR;
				GCC_WARN_UNDECLARED_SELECTOR = YES;
				GCC_WARN_UNINITIALIZED_AUTOS = YES_AGGRESSIVE;
				GCC_WARN_UNUSED_FUNCTION = YES;
				GCC_WARN_UNUSED_VARIABLE = YES;
				IPHONEOS_DEPLOYMENT_TARGET = 17.2;
				LOCALIZATION_PREFERS_STRING_CATALOGS = YES;
				MTL_ENABLE_DEBUG_INFO = NO;
				MTL_FAST_MATH = YES;
				SDKROOT = iphoneos;
				SWIFT_COMPILATION_MODE = wholemodule;
				VALIDATE_PRODUCT = YES;
			};
			name = Release;
		};
		AFD453542C1AE30400F9A05A /* Debug */ = {
			isa = XCBuildConfiguration;
			buildSettings = {
				ASSETCATALOG_COMPILER_APPICON_NAME = AppIcon;
				ASSETCATALOG_COMPILER_GLOBAL_ACCENT_COLOR_NAME = AccentColor;
				CODE_SIGN_STYLE = Automatic;
				CURRENT_PROJECT_VERSION = 1;
				DEVELOPMENT_ASSET_PATHS = "\"SwiftEssential/Preview Content\"";
				ENABLE_PREVIEWS = YES;
				GENERATE_INFOPLIST_FILE = YES;
				INFOPLIST_KEY_UIApplicationSceneManifest_Generation = YES;
				INFOPLIST_KEY_UIApplicationSupportsIndirectInputEvents = YES;
				INFOPLIST_KEY_UILaunchScreen_Generation = YES;
				INFOPLIST_KEY_UISupportedInterfaceOrientations_iPad = "UIInterfaceOrientationPortrait UIInterfaceOrientationPortraitUpsideDown UIInterfaceOrientationLandscapeLeft UIInterfaceOrientationLandscapeRight";
				INFOPLIST_KEY_UISupportedInterfaceOrientations_iPhone = "UIInterfaceOrientationPortrait UIInterfaceOrientationLandscapeLeft UIInterfaceOrientationLandscapeRight";
				LD_RUNPATH_SEARCH_PATHS = (
					"$(inherited)",
					"@executable_path/Frameworks",
				);
				MARKETING_VERSION = 1.0;
				PRODUCT_BUNDLE_IDENTIFIER = Dave.SwiftEssential;
				PRODUCT_NAME = "$(TARGET_NAME)";
				SWIFT_EMIT_LOC_STRINGS = YES;
				SWIFT_VERSION = 5.0;
				TARGETED_DEVICE_FAMILY = "1,2";
			};
			name = Debug;
		};
		AFD453552C1AE30400F9A05A /* Release */ = {
			isa = XCBuildConfiguration;
			buildSettings = {
				ASSETCATALOG_COMPILER_APPICON_NAME = AppIcon;
				ASSETCATALOG_COMPILER_GLOBAL_ACCENT_COLOR_NAME = AccentColor;
				CODE_SIGN_STYLE = Automatic;
				CURRENT_PROJECT_VERSION = 1;
				DEVELOPMENT_ASSET_PATHS = "\"SwiftEssential/Preview Content\"";
				ENABLE_PREVIEWS = YES;
				GENERATE_INFOPLIST_FILE = YES;
				INFOPLIST_KEY_UIApplicationSceneManifest_Generation = YES;
				INFOPLIST_KEY_UIApplicationSupportsIndirectInputEvents = YES;
				INFOPLIST_KEY_UILaunchScreen_Generation = YES;
				INFOPLIST_KEY_UISupportedInterfaceOrientations_iPad = "UIInterfaceOrientationPortrait UIInterfaceOrientationPortraitUpsideDown UIInterfaceOrientationLandscapeLeft UIInterfaceOrientationLandscapeRight";
				INFOPLIST_KEY_UISupportedInterfaceOrientations_iPhone = "UIInterfaceOrientationPortrait UIInterfaceOrientationLandscapeLeft UIInterfaceOrientationLandscapeRight";
				LD_RUNPATH_SEARCH_PATHS = (
					"$(inherited)",
					"@executable_path/Frameworks",
				);
				MARKETING_VERSION = 1.0;
				PRODUCT_BUNDLE_IDENTIFIER = Dave.SwiftEssential;
				PRODUCT_NAME = "$(TARGET_NAME)";
				SWIFT_EMIT_LOC_STRINGS = YES;
				SWIFT_VERSION = 5.0;
				TARGETED_DEVICE_FAMILY = "1,2";
			};
			name = Release;
		};
/* End XCBuildConfiguration section */

/* Begin XCConfigurationList section */
		AFD453402C1AE30300F9A05A /* Build configuration list for PBXProject "SwiftEssential" */ = {
			isa = XCConfigurationList;
			buildConfigurations = (
				AFD453512C1AE30400F9A05A /* Debug */,
				AFD453522C1AE30400F9A05A /* Release */,
			);
			defaultConfigurationIsVisible = 0;
			defaultConfigurationName = Release;
		};
		AFD453532C1AE30400F9A05A /* Build configuration list for PBXNativeTarget "SwiftEssential" */ = {
			isa = XCConfigurationList;
			buildConfigurations = (
				AFD453542C1AE30400F9A05A /* Debug */,
				AFD453552C1AE30400F9A05A /* Release */,
			);
			defaultConfigurationIsVisible = 0;
			defaultConfigurationName = Release;
		};
/* End XCConfigurationList section */
	};
	rootObject = AFD4533D2C1AE30300F9A05A /* Project object */;
}
